// !$*UTF8*$!
{
	archiveVersion = 1;
	classes = {
	};
	objectVersion = 46;
	objects = {

/* Begin PBXBuildFile section */
		77F2C0211D518FEF00567E56 /* AppDelegate.swift in Sources */ = {isa = PBXBuildFile; fileRef = 77F2C0201D518FEF00567E56 /* AppDelegate.swift */; };
		77F2C0231D518FEF00567E56 /* ViewController.swift in Sources */ = {isa = PBXBuildFile; fileRef = 77F2C0221D518FEF00567E56 /* ViewController.swift */; };
		77F2C0261D518FF000567E56 /* Main.storyboard in Resources */ = {isa = PBXBuildFile; fileRef = 77F2C0241D518FF000567E56 /* Main.storyboard */; };
		77F2C0281D518FF000567E56 /* Assets.xcassets in Resources */ = {isa = PBXBuildFile; fileRef = 77F2C0271D518FF000567E56 /* Assets.xcassets */; };
		77F2C02B1D518FF000567E56 /* LaunchScreen.storyboard in Resources */ = {isa = PBXBuildFile; fileRef = 77F2C0291D518FF000567E56 /* LaunchScreen.storyboard */; };
/* End PBXBuildFile section */

/* Begin PBXFileReference section */
		77F2C01D1D518FEF00567E56 /* X-Tables.app */ = {isa = PBXFileReference; explicitFileType = wrapper.application; includeInIndex = 0; path = "X-Tables.app"; sourceTree = BUILT_PRODUCTS_DIR; };
		77F2C0201D518FEF00567E56 /* AppDelegate.swift */ = {isa = PBXFileReference; lastKnownFileType = sourcecode.swift; path = AppDelegate.swift; sourceTree = "<group>"; };
		77F2C0221D518FEF00567E56 /* ViewController.swift */ = {isa = PBXFileReference; lastKnownFileType = sourcecode.swift; path = ViewController.swift; sourceTree = "<group>"; };
		77F2C0251D518FF000567E56 /* Base */ = {isa = PBXFileReference; lastKnownFileType = file.storyboard; name = Base; path = Base.lproj/Main.storyboard; sourceTree = "<group>"; };
		77F2C0271D518FF000567E56 /* Assets.xcassets */ = {isa = PBXFileReference; lastKnownFileType = folder.assetcatalog; path = Assets.xcassets; sourceTree = "<group>"; };
		77F2C02A1D518FF000567E56 /* Base */ = {isa = PBXFileReference; lastKnownFileType = file.storyboard; name = Base; path = Base.lproj/LaunchScreen.storyboard; sourceTree = "<group>"; };
		77F2C02C1D518FF000567E56 /* Info.plist */ = {isa = PBXFileReference; lastKnownFileType = text.plist.xml; path = Info.plist; sourceTree = "<group>"; };
/* End PBXFileReference section */

/* Begin PBXFrameworksBuildPhase section */
		77F2C01A1D518FEF00567E56 /* Frameworks */ = {
			isa = PBXFrameworksBuildPhase;
			buildActionMask = 2147483647;
			files = (
			);
			runOnlyForDeploymentPostprocessing = 0;
		};
/* End PBXFrameworksBuildPhase section */

/* Begin PBXGroup section */
		77F2C0141D518FEF00567E56 = {
			isa = PBXGroup;
			children = (
				77F2C01F1D518FEF00567E56 /* X-Tables */,
				77F2C01E1D518FEF00567E56 /* Products */,
			);
			sourceTree = "<group>";
		};
		77F2C01E1D518FEF00567E56 /* Products */ = {
			isa = PBXGroup;
			children = (
				77F2C01D1D518FEF00567E56 /* X-Tables.app */,
			);
			name = Products;
			sourceTree = "<group>";
		};
		77F2C01F1D518FEF00567E56 /* X-Tables */ = {
			isa = PBXGroup;
			children = (
				77F2C0201D518FEF00567E56 /* AppDelegate.swift */,
				77F2C0221D518FEF00567E56 /* ViewController.swift */,
				77F2C0241D518FF000567E56 /* Main.storyboard */,
				77F2C0271D518FF000567E56 /* Assets.xcassets */,
				77F2C0291D518FF000567E56 /* LaunchScreen.storyboard */,
				77F2C02C1D518FF000567E56 /* Info.plist */,
			);
			path = "X-Tables";
			sourceTree = "<group>";
		};
/* End PBXGroup section */

/* Begin PBXNativeTarget section */
		77F2C01C1D518FEF00567E56 /* X-Tables */ = {
			isa = PBXNativeTarget;
			buildConfigurationList = 77F2C02F1D518FF000567E56 /* Build configuration list for PBXNativeTarget "X-Tables" */;
			buildPhases = (
				77F2C0191D518FEF00567E56 /* Sources */,
				77F2C01A1D518FEF00567E56 /* Frameworks */,
				77F2C01B1D518FEF00567E56 /* Resources */,
			);
			buildRules = (
			);
			dependencies = (
			);
			name = "X-Tables";
			productName = "X-Tables";
			productReference = 77F2C01D1D518FEF00567E56 /* X-Tables.app */;
			productType = "com.apple.product-type.application";
		};
/* End PBXNativeTarget section */

/* Begin PBXProject section */
		77F2C0151D518FEF00567E56 /* Project object */ = {
			isa = PBXProject;
			attributes = {
				LastSwiftUpdateCheck = 0730;
				LastUpgradeCheck = 0730;
				ORGANIZATIONNAME = tvaditya;
				TargetAttributes = {
					77F2C01C1D518FEF00567E56 = {
						CreatedOnToolsVersion = 7.3.1;
					};
				};
			};
			buildConfigurationList = 77F2C0181D518FEF00567E56 /* Build configuration list for PBXProject "X-Tables" */;
			compatibilityVersion = "Xcode 3.2";
			developmentRegion = English;
			hasScannedForEncodings = 0;
			knownRegions = (
				en,
				Base,
			);
			mainGroup = 77F2C0141D518FEF00567E56;
			productRefGroup = 77F2C01E1D518FEF00567E56 /* Products */;
			projectDirPath = "";
			projectRoot = "";
			targets = (
				77F2C01C1D518FEF00567E56 /* X-Tables */,
			);
		};
/* End PBXProject section */

/* Begin PBXResourcesBuildPhase section */
		77F2C01B1D518FEF00567E56 /* Resources */ = {
			isa = PBXResourcesBuildPhase;
			buildActionMask = 2147483647;
			files = (
				77F2C02B1D518FF000567E56 /* LaunchScreen.storyboard in Resources */,
				77F2C0281D518FF000567E56 /* Assets.xcassets in Resources */,
				77F2C0261D518FF000567E56 /* Main.storyboard in Resources */,
			);
			runOnlyForDeploymentPostprocessing = 0;
		};
/* End PBXResourcesBuildPhase section */

/* Begin PBXSourcesBuildPhase section */
		77F2C0191D518FEF00567E56 /* Sources */ = {
			isa = PBXSourcesBuildPhase;
			buildActionMask = 2147483647;
			files = (
				77F2C0231D518FEF00567E56 /* ViewController.swift in Sources */,
				77F2C0211D518FEF00567E56 /* AppDelegate.swift in Sources */,
			);
			runOnlyForDeploymentPostprocessing = 0;
		};
/* End PBXSourcesBuildPhase section */

/* Begin PBXVariantGroup section */
		77F2C0241D518FF000567E56 /* Main.storyboard */ = {
			isa = PBXVariantGroup;
			children = (
				77F2C0251D518FF000567E56 /* Base */,
			);
			name = Main.storyboard;
			sourceTree = "<group>";
		};
		77F2C0291D518FF000567E56 /* LaunchScreen.storyboard */ = {
			isa = PBXVariantGroup;
			children = (
				77F2C02A1D518FF000567E56 /* Base */,
			);
			name = LaunchScreen.storyboard;
			sourceTree = "<group>";
		};
/* End PBXVariantGroup section */

/* Begin XCBuildConfiguration section */
		77F2C02D1D518FF000567E56 /* Debug */ = {
			isa = XCBuildConfiguration;
			buildSettings = {
				ALWAYS_SEARCH_USER_PATHS = NO;
				CLANG_ANALYZER_NONNULL = YES;
				CLANG_CXX_LANGUAGE_STANDARD = "gnu++0x";
				CLANG_CXX_LIBRARY = "libc++";
				CLANG_ENABLE_MODULES = YES;
				CLANG_ENABLE_OBJC_ARC = YES;
				CLANG_WARN_BOOL_CONVERSION = YES;
				CLANG_WARN_CONSTANT_CONVERSION = YES;
				CLANG_WARN_DIRECT_OBJC_ISA_USAGE = YES_ERROR;
				CLANG_WARN_EMPTY_BODY = YES;
				CLANG_WARN_ENUM_CONVERSION = YES;
				CLANG_WARN_INT_CONVERSION = YES;
				CLANG_WARN_OBJC_ROOT_CLASS = YES_ERROR;
				CLANG_WARN_UNREACHABLE_CODE = YES;
				CLANG_WARN__DUPLICATE_METHOD_MATCH = YES;
				"CODE_SIGN_IDENTITY[sdk=iphoneos*]" = "iPhone Developer";
				COPY_PHASE_STRIP = NO;
				DEBUG_INFORMATION_FORMAT = dwarf;
				ENABLE_STRICT_OBJC_MSGSEND = YES;
				ENABLE_TESTABILITY = YES;
				GCC_C_LANGUAGE_STANDARD = gnu99;
				GCC_DYNAMIC_NO_PIC = NO;
				GCC_NO_COMMON_BLOCKS = YES;
				GCC_OPTIMIZATION_LEVEL = 0;
				GCC_PREPROCESSOR_DEFINITIONS = (
					"DEBUG=1",
					"$(inherited)",
				);
				GCC_WARN_64_TO_32_BIT_CONVERSION = YES;
				GCC_WARN_ABOUT_RETURN_TYPE = YES_ERROR;
				GCC_WARN_UNDECLARED_SELECTOR = YES;
				GCC_WARN_UNINITIALIZED_AUTOS = YES_AGGRESSIVE;
				GCC_WARN_UNUSED_FUNCTION = YES;
				GCC_WARN_UNUSED_VARIABLE = YES;
				IPHONEOS_DEPLOYMENT_TARGET = 9.3;
				MTL_ENABLE_DEBUG_INFO = YES;
				ONLY_ACTIVE_ARCH = YES;
				SDKROOT = iphoneos;
				SWIFT_OPTIMIZATION_LEVEL = "-Onone";
			};
			name = Debug;
		};
		77F2C02E1D518FF000567E56 /* Release */ = {
			isa = XCBuildConfiguration;
			buildSettings = {
				ALWAYS_SEARCH_USER_PATHS = NO;
				CLANG_ANALYZER_NONNULL = YES;
				CLANG_CXX_LANGUAGE_STANDARD = "gnu++0x";
				CLANG_CXX_LIBRARY = "libc++";
				CLANG_ENABLE_MODULES = YES;
				CLANG_ENABLE_OBJC_ARC = YES;
				CLANG_WARN_BOOL_CONVERSION = YES;
				CLANG_WARN_CONSTANT_CONVERSION = YES;
				CLANG_WARN_DIRECT_OBJC_ISA_USAGE = YES_ERROR;
				CLANG_WARN_EMPTY_BODY = YES;
				CLANG_WARN_ENUM_CONVERSION = YES;
				CLANG_WARN_INT_CONVERSION = YES;
				CLANG_WARN_OBJC_ROOT_CLASS = YES_ERROR;
				CLANG_WARN_UNREACHABLE_CODE = YES;
				CLANG_WARN__DUPLICATE_METHOD_MATCH = YES;
				"CODE_SIGN_IDENTITY[sdk=iphoneos*]" = "iPhone Developer";
				COPY_PHASE_STRIP = NO;
				DEBUG_INFORMATION_FORMAT = "dwarf-with-dsym";
				ENABLE_NS_ASSERTIONS = NO;
				ENABLE_STRICT_OBJC_MSGSEND = YES;
				GCC_C_LANGUAGE_STANDARD = gnu99;
				GCC_NO_COMMON_BLOCKS = YES;
				GCC_WARN_64_TO_32_BIT_CONVERSION = YES;
				GCC_WARN_ABOUT_RETURN_TYPE = YES_ERROR;
				GCC_WARN_UNDECLARED_SELECTOR = YES;
				GCC_WARN_UNINITIALIZED_AUTOS = YES_AGGRESSIVE;
				GCC_WARN_UNUSED_FUNCTION = YES;
				GCC_WARN_UNUSED_VARIABLE = YES;
				IPHONEOS_DEPLOYMENT_TARGET = 9.3;
				MTL_ENABLE_DEBUG_INFO = NO;
				SDKROOT = iphoneos;
				VALIDATE_PRODUCT = YES;
			};
			name = Release;
		};
		77F2C0301D518FF000567E56 /* Debug */ = {
			isa = XCBuildConfiguration;
			buildSettings = {
				ASSETCATALOG_COMPILER_APPICON_NAME = AppIcon;
				INFOPLIST_FILE = "X-Tables/Info.plist";
				LD_RUNPATH_SEARCH_PATHS = "$(inherited) @executable_path/Frameworks";
				PRODUCT_BUNDLE_IDENTIFIER = "com.tvaditya.X-Tables";
				PRODUCT_NAME = "$(TARGET_NAME)";
			};
			name = Debug;
		};
		77F2C0311D518FF000567E56 /* Release */ = {
			isa = XCBuildConfiguration;
			buildSettings = {
				ASSETCATALOG_COMPILER_APPICON_NAME = AppIcon;
				INFOPLIST_FILE = "X-Tables/Info.plist";
				LD_RUNPATH_SEARCH_PATHS = "$(inherited) @executable_path/Frameworks";
				PRODUCT_BUNDLE_IDENTIFIER = "com.tvaditya.X-Tables";
				PRODUCT_NAME = "$(TARGET_NAME)";
			};
			name = Release;
		};
/* End XCBuildConfiguration section */

/* Begin XCConfigurationList section */
		77F2C0181D518FEF00567E56 /* Build configuration list for PBXProject "X-Tables" */ = {
			isa = XCConfigurationList;
			buildConfigurations = (
				77F2C02D1D518FF000567E56 /* Debug */,
				77F2C02E1D518FF000567E56 /* Release */,
			);
			defaultConfigurationIsVisible = 0;
			defaultConfigurationName = Release;
		};
		77F2C02F1D518FF000567E56 /* Build configuration list for PBXNativeTarget "X-Tables" */ = {
			isa = XCConfigurationList;
			buildConfigurations = (
				77F2C0301D518FF000567E56 /* Debug */,
				77F2C0311D518FF000567E56 /* Release */,
			);
			defaultConfigurationIsVisible = 0;
		};
/* End XCConfigurationList section */
	};
	rootObject = 77F2C0151D518FEF00567E56 /* Project object */;
}
